
Microsoft Visual Studio Solution File, Format Version 12.00
# Visual Studio Version 17
VisualStudioVersion = 17.0.31611.283
MinimumVisualStudioVersion = 10.0.40219.1
Project("{FAE04EC0-301F-11D3-BF4B-00C04F79EFBC}") = "MauiApplication", "src\MauiApplication\MauiApplication.csproj", "{AE88C4E9-E58E-48DC-8C38-3DC116432F52}"
EndProject
Project("{9A19103F-16F7-4668-BE54-9A1E7A4F7556}") = "MauiBlazorApplication", "src\MauiBlazorApplication\MauiBlazorApplication.csproj", "{2E1201F3-4C47-42A3-A9EE-B529FFD58768}"
EndProject
Global
	GlobalSection(SolutionConfigurationPlatforms) = preSolution
		Debug|Any CPU = Debug|Any CPU
		Release|Any CPU = Release|Any CPU
	EndGlobalSection
	GlobalSection(ProjectConfigurationPlatforms) = postSolution
		{AE88C4E9-E58E-48DC-8C38-3DC116432F52}.Debug|Any CPU.ActiveCfg = Debug|Any CPU
		{AE88C4E9-E58E-48DC-8C38-3DC116432F52}.Debug|Any CPU.Build.0 = Debug|Any CPU
		{AE88C4E9-E58E-48DC-8C38-3DC116432F52}.Debug|Any CPU.Deploy.0 = Debug|Any CPU
		{AE88C4E9-E58E-48DC-8C38-3DC116432F52}.Release|Any CPU.ActiveCfg = Release|Any CPU
		{AE88C4E9-E58E-48DC-8C38-3DC116432F52}.Release|Any CPU.Build.0 = Release|Any CPU
		{AE88C4E9-E58E-48DC-8C38-3DC116432F52}.Release|Any CPU.Deploy.0 = Release|Any CPU
		{2E1201F3-4C47-42A3-A9EE-B529FFD58768}.Debug|Any CPU.ActiveCfg = Debug|Any CPU
		{2E1201F3-4C47-42A3-A9EE-B529FFD58768}.Debug|Any CPU.Build.0 = Debug|Any CPU
		{2E1201F3-4C47-42A3-A9EE-B529FFD58768}.Debug|Any CPU.Deploy.0 = Debug|Any CPU
		{2E1201F3-4C47-42A3-A9EE-B529FFD58768}.Release|Any CPU.ActiveCfg = Release|Any CPU
		{2E1201F3-4C47-42A3-A9EE-B529FFD58768}.Release|Any CPU.Build.0 = Release|Any CPU
		{2E1201F3-4C47-42A3-A9EE-B529FFD58768}.Release|Any CPU.Deploy.0 = Release|Any CPU
	EndGlobalSection
	GlobalSection(SolutionProperties) = preSolution
		HideSolutionNode = FALSE
	EndGlobalSection
	GlobalSection(ExtensibilityGlobals) = postSolution
		SolutionGuid = {61F7FB11-1E47-470C-91E2-47F8143E1572}
	EndGlobalSection
EndGlobal
