
Microsoft Visual Studio Solution File, Format Version 12.00
# Visual Studio Version 17
VisualStudioVersion = 17.6.33723.286
MinimumVisualStudioVersion = 10.0.40219.1
Project("{FAE04EC0-301F-11D3-BF4B-00C04F79EFBC}") = "MauiApplication", "MauiApplication\MauiApplication.csproj", "{A834202E-473B-48D3-A7FB-D2E0E6261011}"
EndProject
Project("{FAE04EC0-301F-11D3-BF4B-00C04F79EFBC}") = "MauiBlazorApplication", "MauiBlazorApplication\MauiBlazorApplication.csproj", "{FC7532BD-ECCE-402F-84D7-056936893FF9}"
EndProject
Global
	GlobalSection(SolutionConfigurationPlatforms) = preSolution
		Debug|Any CPU = Debug|Any CPU
		Release|Any CPU = Release|Any CPU
	EndGlobalSection
	GlobalSection(ProjectConfigurationPlatforms) = postSolution
		{A834202E-473B-48D3-A7FB-D2E0E6261011}.Debug|Any CPU.ActiveCfg = Debug|Any CPU
		{A834202E-473B-48D3-A7FB-D2E0E6261011}.Debug|Any CPU.Build.0 = Debug|Any CPU
		{A834202E-473B-48D3-A7FB-D2E0E6261011}.Debug|Any CPU.Deploy.0 = Debug|Any CPU
		{A834202E-473B-48D3-A7FB-D2E0E6261011}.Release|Any CPU.ActiveCfg = Release|Any CPU
		{A834202E-473B-48D3-A7FB-D2E0E6261011}.Release|Any CPU.Build.0 = Release|Any CPU
		{A834202E-473B-48D3-A7FB-D2E0E6261011}.Release|Any CPU.Deploy.0 = Release|Any CPU
		{FC7532BD-ECCE-402F-84D7-056936893FF9}.Debug|Any CPU.ActiveCfg = Debug|Any CPU
		{FC7532BD-ECCE-402F-84D7-056936893FF9}.Debug|Any CPU.Build.0 = Debug|Any CPU
		{FC7532BD-ECCE-402F-84D7-056936893FF9}.Debug|Any CPU.Deploy.0 = Debug|Any CPU
		{FC7532BD-ECCE-402F-84D7-056936893FF9}.Release|Any CPU.ActiveCfg = Release|Any CPU
		{FC7532BD-ECCE-402F-84D7-056936893FF9}.Release|Any CPU.Build.0 = Release|Any CPU
		{FC7532BD-ECCE-402F-84D7-056936893FF9}.Release|Any CPU.Deploy.0 = Release|Any CPU
	EndGlobalSection
	GlobalSection(SolutionProperties) = preSolution
		HideSolutionNode = FALSE
	EndGlobalSection
	GlobalSection(ExtensibilityGlobals) = postSolution
		SolutionGuid = {36786C8B-43EF-4FB5-99AF-11134F26A9B6}
	EndGlobalSection
EndGlobal
